
Microsoft Visual Studio Solution File, Format Version 12.00
# Visual Studio 15
VisualStudioVersion = 15.0.28307.852
MinimumVisualStudioVersion = 10.0.40219.1
Project("{9A19103F-16F7-4668-BE54-9A1E7A4F7556}") = "Blogger", "Blogger\Blogger.csproj", "{F3DDE834-9DD5-4366-9534-1B23B5E8969B}"
EndProject
Project("{9A19103F-16F7-4668-BE54-9A1E7A4F7556}") = "Blogger.IntegrationTests", "Blogger.IntegrationTests\Blogger.IntegrationTests.csproj", "{28662320-8C78-4A9C-AA6D-A11D3EBE24F2}"
EndProject
Global
	GlobalSection(SolutionConfigurationPlatforms) = preSolution
		Debug|Any CPU = Debug|Any CPU
		Release|Any CPU = Release|Any CPU
	EndGlobalSection
	GlobalSection(ProjectConfigurationPlatforms) = postSolution
		{F3DDE834-9DD5-4366-9534-1B23B5E8969B}.Debug|Any CPU.ActiveCfg = Debug|Any CPU
		{F3DDE834-9DD5-4366-9534-1B23B5E8969B}.Debug|Any CPU.Build.0 = Debug|Any CPU
		{F3DDE834-9DD5-4366-9534-1B23B5E8969B}.Release|Any CPU.ActiveCfg = Release|Any CPU
		{F3DDE834-9DD5-4366-9534-1B23B5E8969B}.Release|Any CPU.Build.0 = Release|Any CPU
		{28662320-8C78-4A9C-AA6D-A11D3EBE24F2}.Debug|Any CPU.ActiveCfg = Debug|Any CPU
		{28662320-8C78-4A9C-AA6D-A11D3EBE24F2}.Debug|Any CPU.Build.0 = Debug|Any CPU
		{28662320-8C78-4A9C-AA6D-A11D3EBE24F2}.Release|Any CPU.ActiveCfg = Release|Any CPU
		{28662320-8C78-4A9C-AA6D-A11D3EBE24F2}.Release|Any CPU.Build.0 = Release|Any CPU
	EndGlobalSection
	GlobalSection(SolutionProperties) = preSolution
		HideSolutionNode = FALSE
	EndGlobalSection
	GlobalSection(ExtensibilityGlobals) = postSolution
		SolutionGuid = {8ABF1556-356D-401B-AF18-902714192330}
	EndGlobalSection
EndGlobal
